
Microsoft Visual Studio Solution File, Format Version 12.00
# Visual Studio 15
VisualStudioVersion = 15.0.28307.421
MinimumVisualStudioVersion = 10.0.40219.1
Project("{FAE04EC0-301F-11D3-BF4B-00C04F79EFBC}") = "FashionHousesProject", "FashionHousesProject\FashionHousesProject.csproj", "{3047C195-DE4F-4CB8-B152-A3E2A320C3E7}"
EndProject
Project("{FAE04EC0-301F-11D3-BF4B-00C04F79EFBC}") = "ClassLibraryFashionHousesEF", "ClassLibraryFashionHousesEF\ClassLibraryFashionHousesEF.csproj", "{18BAA0B3-98BC-4FA2-AE4D-303C653CCBD6}"
EndProject
Global
	GlobalSection(SolutionConfigurationPlatforms) = preSolution
		Debug|Any CPU = Debug|Any CPU
		Release|Any CPU = Release|Any CPU
	EndGlobalSection
	GlobalSection(ProjectConfigurationPlatforms) = postSolution
		{3047C195-DE4F-4CB8-B152-A3E2A320C3E7}.Debug|Any CPU.ActiveCfg = Debug|Any CPU
		{3047C195-DE4F-4CB8-B152-A3E2A320C3E7}.Debug|Any CPU.Build.0 = Debug|Any CPU
		{3047C195-DE4F-4CB8-B152-A3E2A320C3E7}.Release|Any CPU.ActiveCfg = Release|Any CPU
		{3047C195-DE4F-4CB8-B152-A3E2A320C3E7}.Release|Any CPU.Build.0 = Release|Any CPU
		{18BAA0B3-98BC-4FA2-AE4D-303C653CCBD6}.Debug|Any CPU.ActiveCfg = Debug|Any CPU
		{18BAA0B3-98BC-4FA2-AE4D-303C653CCBD6}.Debug|Any CPU.Build.0 = Debug|Any CPU
		{18BAA0B3-98BC-4FA2-AE4D-303C653CCBD6}.Release|Any CPU.ActiveCfg = Release|Any CPU
		{18BAA0B3-98BC-4FA2-AE4D-303C653CCBD6}.Release|Any CPU.Build.0 = Release|Any CPU
	EndGlobalSection
	GlobalSection(SolutionProperties) = preSolution
		HideSolutionNode = FALSE
	EndGlobalSection
	GlobalSection(ExtensibilityGlobals) = postSolution
		SolutionGuid = {4A1926B9-E7F9-4FB4-9384-42BE4B405DA6}
	EndGlobalSection
EndGlobal
